
Microsoft Visual Studio Solution File, Format Version 12.00
# Visual Studio Version 17
VisualStudioVersion = 17.1.32210.238
MinimumVisualStudioVersion = 10.0.40219.1
Project("{FAE04EC0-301F-11D3-BF4B-00C04F79EFBC}") = "AlecKinler.AdventureGame.WinHost", "AlecKinler.AdventureGame.WinHost\AlecKinler.AdventureGame.WinHost.csproj", "{9B1F5A57-D57C-4000-B28C-1FA6B1811128}"
EndProject
Project("{FAE04EC0-301F-11D3-BF4B-00C04F79EFBC}") = "AlecKinler.AdventureGame", "AlecKinler.AdventureGame\AlecKinler.AdventureGame.csproj", "{6466FE08-ED40-4371-BFFC-7DFF85ACCC60}"
EndProject
Global
	GlobalSection(SolutionConfigurationPlatforms) = preSolution
		Debug|Any CPU = Debug|Any CPU
		Release|Any CPU = Release|Any CPU
	EndGlobalSection
	GlobalSection(ProjectConfigurationPlatforms) = postSolution
		{9B1F5A57-D57C-4000-B28C-1FA6B1811128}.Debug|Any CPU.ActiveCfg = Debug|Any CPU
		{9B1F5A57-D57C-4000-B28C-1FA6B1811128}.Debug|Any CPU.Build.0 = Debug|Any CPU
		{9B1F5A57-D57C-4000-B28C-1FA6B1811128}.Release|Any CPU.ActiveCfg = Release|Any CPU
		{9B1F5A57-D57C-4000-B28C-1FA6B1811128}.Release|Any CPU.Build.0 = Release|Any CPU
		{6466FE08-ED40-4371-BFFC-7DFF85ACCC60}.Debug|Any CPU.ActiveCfg = Debug|Any CPU
		{6466FE08-ED40-4371-BFFC-7DFF85ACCC60}.Debug|Any CPU.Build.0 = Debug|Any CPU
		{6466FE08-ED40-4371-BFFC-7DFF85ACCC60}.Release|Any CPU.ActiveCfg = Release|Any CPU
		{6466FE08-ED40-4371-BFFC-7DFF85ACCC60}.Release|Any CPU.Build.0 = Release|Any CPU
	EndGlobalSection
	GlobalSection(SolutionProperties) = preSolution
		HideSolutionNode = FALSE
	EndGlobalSection
	GlobalSection(ExtensibilityGlobals) = postSolution
		SolutionGuid = {78908500-BD08-4E10-AAD6-0F6037A82AC2}
	EndGlobalSection
EndGlobal
